
Microsoft Visual Studio Solution File, Format Version 12.00
# Visual Studio 15
Project("{FAE04EC0-301F-11D3-BF4B-00C04F79EFBC}") = "Eazy Sound Manager", "Eazy Sound Manager.csproj", "{AF9C3212-7121-DE5C-CBED-21DB4E1B37B7}"
EndProject
Global
	GlobalSection(SolutionConfigurationPlatforms) = preSolution
		Debug|Any CPU = Debug|Any CPU
		Release|Any CPU = Release|Any CPU
	EndGlobalSection
	GlobalSection(ProjectConfigurationPlatforms) = postSolution
		{AF9C3212-7121-DE5C-CBED-21DB4E1B37B7}.Debug|Any CPU.ActiveCfg = Debug|Any CPU
		{AF9C3212-7121-DE5C-CBED-21DB4E1B37B7}.Debug|Any CPU.Build.0 = Debug|Any CPU
		{AF9C3212-7121-DE5C-CBED-21DB4E1B37B7}.Release|Any CPU.ActiveCfg = Release|Any CPU
		{AF9C3212-7121-DE5C-CBED-21DB4E1B37B7}.Release|Any CPU.Build.0 = Release|Any CPU
	EndGlobalSection
	GlobalSection(SolutionProperties) = preSolution
		HideSolutionNode = FALSE
	EndGlobalSection
EndGlobal
